
Microsoft Visual Studio Solution File, Format Version 12.00
# Visual Studio Version 17
VisualStudioVersion = 17.0.31903.59
MinimumVisualStudioVersion = 10.0.40219.1
Project("{2150E333-8FDC-42A3-9474-1A3956D46DE8}") = "CSharp", "CSharp", "{209FD416-3AFF-4EA6-A6FD-C79DF190EA59}"
EndProject
Project("{FAE04EC0-301F-11D3-BF4B-00C04F79EFBC}") = "LeapYear", "CSharp\1_LeapYear\LeapYear.csproj", "{B973BD16-A621-47E2-9BB0-230DAED76C91}"
EndProject
Project("{FAE04EC0-301F-11D3-BF4B-00C04F79EFBC}") = "NFactorial", "CSharp\2_NFactorial\NFactorial.csproj", "{CE0BB3B0-9110-441E-8B06-C62D871EFFCB}"
EndProject
Project("{FAE04EC0-301F-11D3-BF4B-00C04F79EFBC}") = "DateFormat", "CSharp\3_DateFormat\DateFormat.csproj", "{247C5AC9-7474-4D5F-8593-C98B4EFD896A}"
EndProject
Project("{FAE04EC0-301F-11D3-BF4B-00C04F79EFBC}") = "SymDiff", "CSharp\5_SymDiff\SymDiff.csproj", "{B68ACD85-D3DE-4485-9D48-2F7CCE44B033}"
EndProject
Project("{FAE04EC0-301F-11D3-BF4B-00C04F79EFBC}") = "ConvertirDecimal", "CSharp\10_ConvertirDecimal\ConvertirDecimal.csproj", "{2D6F642B-E863-44C3-917E-FBB34F5487AF}"
EndProject
Project("{FAE04EC0-301F-11D3-BF4B-00C04F79EFBC}") = "Palabras", "CSharp\12_Palabras\Palabras.csproj", "{C499C10B-712E-4C6D-94F2-DDCD44C44212}"
EndProject
Project("{FAE04EC0-301F-11D3-BF4B-00C04F79EFBC}") = "Bingo", "CSharp\13_Bingo\Bingo.csproj", "{9105FADF-25F4-4B28-80DB-5B6CD81F091C}"
EndProject
Global
	GlobalSection(SolutionConfigurationPlatforms) = preSolution
		Debug|Any CPU = Debug|Any CPU
		Release|Any CPU = Release|Any CPU
	EndGlobalSection
	GlobalSection(SolutionProperties) = preSolution
		HideSolutionNode = FALSE
	EndGlobalSection
	GlobalSection(ProjectConfigurationPlatforms) = postSolution
		{B973BD16-A621-47E2-9BB0-230DAED76C91}.Debug|Any CPU.ActiveCfg = Debug|Any CPU
		{B973BD16-A621-47E2-9BB0-230DAED76C91}.Debug|Any CPU.Build.0 = Debug|Any CPU
		{B973BD16-A621-47E2-9BB0-230DAED76C91}.Release|Any CPU.ActiveCfg = Release|Any CPU
		{B973BD16-A621-47E2-9BB0-230DAED76C91}.Release|Any CPU.Build.0 = Release|Any CPU
		{CE0BB3B0-9110-441E-8B06-C62D871EFFCB}.Debug|Any CPU.ActiveCfg = Debug|Any CPU
		{CE0BB3B0-9110-441E-8B06-C62D871EFFCB}.Debug|Any CPU.Build.0 = Debug|Any CPU
		{CE0BB3B0-9110-441E-8B06-C62D871EFFCB}.Release|Any CPU.ActiveCfg = Release|Any CPU
		{CE0BB3B0-9110-441E-8B06-C62D871EFFCB}.Release|Any CPU.Build.0 = Release|Any CPU
		{247C5AC9-7474-4D5F-8593-C98B4EFD896A}.Debug|Any CPU.ActiveCfg = Debug|Any CPU
		{247C5AC9-7474-4D5F-8593-C98B4EFD896A}.Debug|Any CPU.Build.0 = Debug|Any CPU
		{247C5AC9-7474-4D5F-8593-C98B4EFD896A}.Release|Any CPU.ActiveCfg = Release|Any CPU
		{247C5AC9-7474-4D5F-8593-C98B4EFD896A}.Release|Any CPU.Build.0 = Release|Any CPU
		{B68ACD85-D3DE-4485-9D48-2F7CCE44B033}.Debug|Any CPU.ActiveCfg = Debug|Any CPU
		{B68ACD85-D3DE-4485-9D48-2F7CCE44B033}.Debug|Any CPU.Build.0 = Debug|Any CPU
		{B68ACD85-D3DE-4485-9D48-2F7CCE44B033}.Release|Any CPU.ActiveCfg = Release|Any CPU
		{B68ACD85-D3DE-4485-9D48-2F7CCE44B033}.Release|Any CPU.Build.0 = Release|Any CPU
		{2D6F642B-E863-44C3-917E-FBB34F5487AF}.Debug|Any CPU.ActiveCfg = Debug|Any CPU
		{2D6F642B-E863-44C3-917E-FBB34F5487AF}.Debug|Any CPU.Build.0 = Debug|Any CPU
		{2D6F642B-E863-44C3-917E-FBB34F5487AF}.Release|Any CPU.ActiveCfg = Release|Any CPU
		{2D6F642B-E863-44C3-917E-FBB34F5487AF}.Release|Any CPU.Build.0 = Release|Any CPU
		{C499C10B-712E-4C6D-94F2-DDCD44C44212}.Debug|Any CPU.ActiveCfg = Debug|Any CPU
		{C499C10B-712E-4C6D-94F2-DDCD44C44212}.Debug|Any CPU.Build.0 = Debug|Any CPU
		{C499C10B-712E-4C6D-94F2-DDCD44C44212}.Release|Any CPU.ActiveCfg = Release|Any CPU
		{C499C10B-712E-4C6D-94F2-DDCD44C44212}.Release|Any CPU.Build.0 = Release|Any CPU
		{9105FADF-25F4-4B28-80DB-5B6CD81F091C}.Debug|Any CPU.ActiveCfg = Debug|Any CPU
		{9105FADF-25F4-4B28-80DB-5B6CD81F091C}.Debug|Any CPU.Build.0 = Debug|Any CPU
		{9105FADF-25F4-4B28-80DB-5B6CD81F091C}.Release|Any CPU.ActiveCfg = Release|Any CPU
		{9105FADF-25F4-4B28-80DB-5B6CD81F091C}.Release|Any CPU.Build.0 = Release|Any CPU
	EndGlobalSection
	GlobalSection(NestedProjects) = preSolution
		{B973BD16-A621-47E2-9BB0-230DAED76C91} = {209FD416-3AFF-4EA6-A6FD-C79DF190EA59}
		{CE0BB3B0-9110-441E-8B06-C62D871EFFCB} = {209FD416-3AFF-4EA6-A6FD-C79DF190EA59}
		{247C5AC9-7474-4D5F-8593-C98B4EFD896A} = {209FD416-3AFF-4EA6-A6FD-C79DF190EA59}
		{B68ACD85-D3DE-4485-9D48-2F7CCE44B033} = {209FD416-3AFF-4EA6-A6FD-C79DF190EA59}
		{2D6F642B-E863-44C3-917E-FBB34F5487AF} = {209FD416-3AFF-4EA6-A6FD-C79DF190EA59}
		{C499C10B-712E-4C6D-94F2-DDCD44C44212} = {209FD416-3AFF-4EA6-A6FD-C79DF190EA59}
		{9105FADF-25F4-4B28-80DB-5B6CD81F091C} = {209FD416-3AFF-4EA6-A6FD-C79DF190EA59}
	EndGlobalSection
EndGlobal
